
Microsoft Visual Studio Solution File, Format Version 12.00
# Visual Studio Version 16
VisualStudioVersion = 16.0.31321.278
MinimumVisualStudioVersion = 10.0.40219.1
Project("{2150E333-8FDC-42A3-9474-1A3956D46DE8}") = "01_KomodoCafe", "01_KomodoCafe", "{AB692993-B3C2-4FCB-9132-9A7BE011D3E6}"
EndProject
Project("{FAE04EC0-301F-11D3-BF4B-00C04F79EFBC}") = "01_Cafe", "01_Cafe\01_Cafe.csproj", "{30C45308-04D5-4643-A1FE-E16923A0C3AC}"
EndProject
Project("{FAE04EC0-301F-11D3-BF4B-00C04F79EFBC}") = "01_CafeTest", "01_CafeTest\01_CafeTest.csproj", "{6A29C582-2DCA-4E36-86AF-E143905C5D0D}"
EndProject
Project("{FAE04EC0-301F-11D3-BF4B-00C04F79EFBC}") = "01_CafeUI", "01_CafeUI\01_CafeUI.csproj", "{58A16144-CE97-4DC8-B836-C026B5162F53}"
EndProject
Project("{2150E333-8FDC-42A3-9474-1A3956D46DE8}") = "02_KomodoClaims", "02_KomodoClaims", "{D38540E4-B5A5-4F42-AD49-34B6D4E56794}"
EndProject
Project("{FAE04EC0-301F-11D3-BF4B-00C04F79EFBC}") = "02_Claim", "02_Claim\02_Claim.csproj", "{41F18C46-FDEA-46C6-8AEE-5E3214D73CF3}"
EndProject
Project("{FAE04EC0-301F-11D3-BF4B-00C04F79EFBC}") = "ClaimsTest", "ClaimsTest\ClaimsTest.csproj", "{594F3AED-E5C8-4FC1-9804-3F5BC371A0A9}"
EndProject
Project("{FAE04EC0-301F-11D3-BF4B-00C04F79EFBC}") = "ClaimsUI", "ClaimsUI\ClaimsUI.csproj", "{396C4D44-6913-4E05-98ED-B0068CDD1E03}"
EndProject
Project("{2150E333-8FDC-42A3-9474-1A3956D46DE8}") = "KomodoInsurance", "KomodoInsurance", "{34345639-D1BA-4978-9E89-28425995197D}"
EndProject
Project("{FAE04EC0-301F-11D3-BF4B-00C04F79EFBC}") = "03_InsuranceTest", "03_InsuranceTest\03_InsuranceTest.csproj", "{F5360540-3D37-4502-9A1D-A7F5731F1E1B}"
EndProject
Project("{FAE04EC0-301F-11D3-BF4B-00C04F79EFBC}") = "03_InsuranceUI", "03_InsuranceUI\03_InsuranceUI.csproj", "{56F9B2DC-2E7E-489F-B163-477A467B9480}"
EndProject
Project("{FAE04EC0-301F-11D3-BF4B-00C04F79EFBC}") = "03_Insurance", "03_Insurance\03_Insurance.csproj", "{0D27522D-40B8-45CB-83FA-20BE93F4B26E}"
EndProject
Global
	GlobalSection(SolutionConfigurationPlatforms) = preSolution
		Debug|Any CPU = Debug|Any CPU
		Release|Any CPU = Release|Any CPU
	EndGlobalSection
	GlobalSection(ProjectConfigurationPlatforms) = postSolution
		{30C45308-04D5-4643-A1FE-E16923A0C3AC}.Debug|Any CPU.ActiveCfg = Debug|Any CPU
		{30C45308-04D5-4643-A1FE-E16923A0C3AC}.Debug|Any CPU.Build.0 = Debug|Any CPU
		{30C45308-04D5-4643-A1FE-E16923A0C3AC}.Release|Any CPU.ActiveCfg = Release|Any CPU
		{30C45308-04D5-4643-A1FE-E16923A0C3AC}.Release|Any CPU.Build.0 = Release|Any CPU
		{6A29C582-2DCA-4E36-86AF-E143905C5D0D}.Debug|Any CPU.ActiveCfg = Debug|Any CPU
		{6A29C582-2DCA-4E36-86AF-E143905C5D0D}.Debug|Any CPU.Build.0 = Debug|Any CPU
		{6A29C582-2DCA-4E36-86AF-E143905C5D0D}.Release|Any CPU.ActiveCfg = Release|Any CPU
		{6A29C582-2DCA-4E36-86AF-E143905C5D0D}.Release|Any CPU.Build.0 = Release|Any CPU
		{58A16144-CE97-4DC8-B836-C026B5162F53}.Debug|Any CPU.ActiveCfg = Debug|Any CPU
		{58A16144-CE97-4DC8-B836-C026B5162F53}.Debug|Any CPU.Build.0 = Debug|Any CPU
		{58A16144-CE97-4DC8-B836-C026B5162F53}.Release|Any CPU.ActiveCfg = Release|Any CPU
		{58A16144-CE97-4DC8-B836-C026B5162F53}.Release|Any CPU.Build.0 = Release|Any CPU
		{41F18C46-FDEA-46C6-8AEE-5E3214D73CF3}.Debug|Any CPU.ActiveCfg = Debug|Any CPU
		{41F18C46-FDEA-46C6-8AEE-5E3214D73CF3}.Debug|Any CPU.Build.0 = Debug|Any CPU
		{41F18C46-FDEA-46C6-8AEE-5E3214D73CF3}.Release|Any CPU.ActiveCfg = Release|Any CPU
		{41F18C46-FDEA-46C6-8AEE-5E3214D73CF3}.Release|Any CPU.Build.0 = Release|Any CPU
		{594F3AED-E5C8-4FC1-9804-3F5BC371A0A9}.Debug|Any CPU.ActiveCfg = Debug|Any CPU
		{594F3AED-E5C8-4FC1-9804-3F5BC371A0A9}.Debug|Any CPU.Build.0 = Debug|Any CPU
		{594F3AED-E5C8-4FC1-9804-3F5BC371A0A9}.Release|Any CPU.ActiveCfg = Release|Any CPU
		{594F3AED-E5C8-4FC1-9804-3F5BC371A0A9}.Release|Any CPU.Build.0 = Release|Any CPU
		{396C4D44-6913-4E05-98ED-B0068CDD1E03}.Debug|Any CPU.ActiveCfg = Debug|Any CPU
		{396C4D44-6913-4E05-98ED-B0068CDD1E03}.Debug|Any CPU.Build.0 = Debug|Any CPU
		{396C4D44-6913-4E05-98ED-B0068CDD1E03}.Release|Any CPU.ActiveCfg = Release|Any CPU
		{396C4D44-6913-4E05-98ED-B0068CDD1E03}.Release|Any CPU.Build.0 = Release|Any CPU
		{F5360540-3D37-4502-9A1D-A7F5731F1E1B}.Debug|Any CPU.ActiveCfg = Debug|Any CPU
		{F5360540-3D37-4502-9A1D-A7F5731F1E1B}.Debug|Any CPU.Build.0 = Debug|Any CPU
		{F5360540-3D37-4502-9A1D-A7F5731F1E1B}.Release|Any CPU.ActiveCfg = Release|Any CPU
		{F5360540-3D37-4502-9A1D-A7F5731F1E1B}.Release|Any CPU.Build.0 = Release|Any CPU
		{56F9B2DC-2E7E-489F-B163-477A467B9480}.Debug|Any CPU.ActiveCfg = Debug|Any CPU
		{56F9B2DC-2E7E-489F-B163-477A467B9480}.Debug|Any CPU.Build.0 = Debug|Any CPU
		{56F9B2DC-2E7E-489F-B163-477A467B9480}.Release|Any CPU.ActiveCfg = Release|Any CPU
		{56F9B2DC-2E7E-489F-B163-477A467B9480}.Release|Any CPU.Build.0 = Release|Any CPU
		{0D27522D-40B8-45CB-83FA-20BE93F4B26E}.Debug|Any CPU.ActiveCfg = Debug|Any CPU
		{0D27522D-40B8-45CB-83FA-20BE93F4B26E}.Debug|Any CPU.Build.0 = Debug|Any CPU
		{0D27522D-40B8-45CB-83FA-20BE93F4B26E}.Release|Any CPU.ActiveCfg = Release|Any CPU
		{0D27522D-40B8-45CB-83FA-20BE93F4B26E}.Release|Any CPU.Build.0 = Release|Any CPU
	EndGlobalSection
	GlobalSection(SolutionProperties) = preSolution
		HideSolutionNode = FALSE
	EndGlobalSection
	GlobalSection(NestedProjects) = preSolution
		{30C45308-04D5-4643-A1FE-E16923A0C3AC} = {AB692993-B3C2-4FCB-9132-9A7BE011D3E6}
		{6A29C582-2DCA-4E36-86AF-E143905C5D0D} = {AB692993-B3C2-4FCB-9132-9A7BE011D3E6}
		{58A16144-CE97-4DC8-B836-C026B5162F53} = {AB692993-B3C2-4FCB-9132-9A7BE011D3E6}
		{41F18C46-FDEA-46C6-8AEE-5E3214D73CF3} = {D38540E4-B5A5-4F42-AD49-34B6D4E56794}
		{594F3AED-E5C8-4FC1-9804-3F5BC371A0A9} = {D38540E4-B5A5-4F42-AD49-34B6D4E56794}
		{396C4D44-6913-4E05-98ED-B0068CDD1E03} = {D38540E4-B5A5-4F42-AD49-34B6D4E56794}
		{F5360540-3D37-4502-9A1D-A7F5731F1E1B} = {34345639-D1BA-4978-9E89-28425995197D}
		{56F9B2DC-2E7E-489F-B163-477A467B9480} = {34345639-D1BA-4978-9E89-28425995197D}
		{0D27522D-40B8-45CB-83FA-20BE93F4B26E} = {34345639-D1BA-4978-9E89-28425995197D}
	EndGlobalSection
	GlobalSection(ExtensibilityGlobals) = postSolution
		SolutionGuid = {76CE4AF4-7E4C-4B3D-9DAC-456370C422FA}
	EndGlobalSection
EndGlobal
